
Microsoft Visual Studio Solution File, Format Version 12.00
# Visual Studio Version 16
VisualStudioVersion = 16.0.31729.503
MinimumVisualStudioVersion = 10.0.40219.1
Project("{FAE04EC0-301F-11D3-BF4B-00C04F79EFBC}") = "MvcMovie", "MvcMovie\MvcMovie.csproj", "{A3814FA6-7236-4EEC-BC70-EDADB8DF3005}"
EndProject
Global
	GlobalSection(SolutionConfigurationPlatforms) = preSolution
		Debug|Any CPU = Debug|Any CPU
		Release|Any CPU = Release|Any CPU
	EndGlobalSection
	GlobalSection(ProjectConfigurationPlatforms) = postSolution
		{A3814FA6-7236-4EEC-BC70-EDADB8DF3005}.Debug|Any CPU.ActiveCfg = Debug|Any CPU
		{A3814FA6-7236-4EEC-BC70-EDADB8DF3005}.Debug|Any CPU.Build.0 = Debug|Any CPU
		{A3814FA6-7236-4EEC-BC70-EDADB8DF3005}.Release|Any CPU.ActiveCfg = Release|Any CPU
		{A3814FA6-7236-4EEC-BC70-EDADB8DF3005}.Release|Any CPU.Build.0 = Release|Any CPU
	EndGlobalSection
	GlobalSection(SolutionProperties) = preSolution
		HideSolutionNode = FALSE
	EndGlobalSection
	GlobalSection(ExtensibilityGlobals) = postSolution
		SolutionGuid = {40319402-0DBA-4980-B9DF-F2246A0D46F9}
	EndGlobalSection
EndGlobal
